{
  "object": {
    "pins": [
      {
        "package": "Builder",
        "repositoryURL": "https://github.com/elegantchaos/Builder.git",
        "state": {
          "branch": "issue/12-value-based-settings",
          "revision": "b48abdb6b80f73dd61c3c603828ca5e111dd065c",
          "version": null
        }
      },
      {
        "package": "BuilderConfiguration",
        "repositoryURL": "https://github.com/elegantchaos/BuilderConfiguration.git",
        "state": {
          "branch": "issue/1-value-based-settings",
          "revision": "87183d1fdf5a0e64d413b6a499b320a656794286",
          "version": null
        }
      },
      {
        "package": "BuilderToolExample",
        "repositoryURL": "https://github.com/elegantchaos/BuilderToolExample.git",
        "state": {
          "branch": null,
          "revision": "6769e0a4b2ae524741ab70290e48f0dee2ae2c81",
          "version": "1.0.6"
        }
      },
      {
        "package": "Docopt",
        "repositoryURL": "https://github.com/elegantchaos/docopt.swift",
        "state": {
          "branch": null,
          "revision": "66f9a7d64e6542427a1e4eed3d8ad5ace262cf11",
          "version": "0.6.8"
        }
      },
      {
        "package": "Logger",
        "repositoryURL": "https://github.com/elegantchaos/Logger",
        "state": {
          "branch": null,
          "revision": "1b0851311c0546e3c0272514508359317b812a8d",
          "version": "1.0.8"
        }
      }
    ]
  },
  "version": 1
}
